
Microsoft Visual Studio Solution File, Format Version 12.00
# Visual Studio 15
VisualStudioVersion = 15.0.27130.2024
MinimumVisualStudioVersion = 10.0.40219.1
Project("{2150E333-8FDC-42A3-9474-1A3956D46DE8}") = "Nitra", "Nitra", "{244BECF5-D87D-434D-839D-771F4D0EDAA1}"
EndProject
Project("{2150E333-8FDC-42A3-9474-1A3956D46DE8}") = "Stage2", "Stage2", "{15F9E6F4-E47B-468F-9E42-C525CF2CBB16}"
EndProject
Project("{2150E333-8FDC-42A3-9474-1A3956D46DE8}") = "Root", "Root", "{622651DB-031F-4575-B69F-BB5F8C6819D6}"
EndProject
Project("{2150E333-8FDC-42A3-9474-1A3956D46DE8}") = ".nuget", ".nuget", "{E77E0CD7-80F8-4F60-AD27-DF7BEFFC9FD7}"
	ProjectSection(SolutionItems) = preProject
		.nuget\packages.config = .nuget\packages.config
	EndProjectSection
EndProject
Project("{EDCC3B85-0BAD-11DB-BC1A-00112FDE8B61}") = "Nitra.Runtime", "Nitra\Nitra.Runtime\Nitra.Runtime.nproj", "{9DB13EB2-28E3-432B-8C8F-0E39EF5BCC38}"
EndProject
Project("{EDCC3B85-0BAD-11DB-BC1A-00112FDE8B61}") = "Nitra.Compiler", "Nitra\Nitra.Compiler\Nitra.Compiler.nproj", "{A8AACA46-CCC8-429F-B626-4CFC77F3A21A}"
EndProject
Project("{EDCC3B85-0BAD-11DB-BC1A-00112FDE8B61}") = "Nitra.Grammar", "Nitra\Nitra.Grammar\Nitra.Grammar.nproj", "{792F6159-9FF0-4352-8323-591A9BAD3472}"
EndProject
Project("{EDCC3B85-0BAD-11DB-BC1A-00112FDE8B61}") = "Nitra.Grammar.Stage2", "Nitra\Nitra.Grammar\Nitra.Grammar.Stage2.nproj", "{BE6DFD78-ED34-4F74-9185-7DD20F52D068}"
EndProject
Project("{EDCC3B85-0BAD-11DB-BC1A-00112FDE8B61}") = "Nitra.Compiler.Stage2", "Nitra\Nitra.Compiler\Nitra.Compiler.Stage2.nproj", "{5DF68601-F64C-492A-B3BF-A217B15C65B7}"
EndProject
Project("{EDCC3B85-0BAD-11DB-BC1A-00112FDE8B61}") = "DotNetLang", "Nitra\DotNetLang\DotNetLang.nproj", "{D3C87D75-E119-4D30-A8BE-DC28014BB653}"
EndProject
Project("{EDCC3B85-0BAD-11DB-BC1A-00112FDE8B61}") = "DotNet.BackEnd.CCI", "DotNet.BackEnd.CCI\DotNet.BackEnd.CCI.nproj", "{9BC9B613-47F1-443C-8205-AC3CFABE7DB9}"
EndProject
Project("{EDCC3B85-0BAD-11DB-BC1A-00112FDE8B61}") = "Nitra.Runtime.Stage2", "Nitra\Nitra.Runtime\Nitra.Runtime.Stage2.nproj", "{EFC549E8-D683-47C4-9019-1B8028BAB4E0}"
EndProject
Project("{EDCC3B85-0BAD-11DB-BC1A-00112FDE8B61}") = "DotNetLang.Stage2", "Nitra\DotNetLang\DotNetLang.Stage2.nproj", "{A6B5E16C-F5CD-46B0-A227-8F66E2475F4E}"
	ProjectSection(ProjectDependencies) = postProject
		{EFC549E8-D683-47C4-9019-1B8028BAB4E0} = {EFC549E8-D683-47C4-9019-1B8028BAB4E0}
	EndProjectSection
EndProject
Global
	GlobalSection(SolutionConfigurationPlatforms) = preSolution
		Debug|Any CPU = Debug|Any CPU
		Debug|Mixed Platforms = Debug|Mixed Platforms
		Debug|x86 = Debug|x86
		Release|Any CPU = Release|Any CPU
		Release|Mixed Platforms = Release|Mixed Platforms
		Release|x86 = Release|x86
	EndGlobalSection
	GlobalSection(ProjectConfigurationPlatforms) = postSolution
		{9DB13EB2-28E3-432B-8C8F-0E39EF5BCC38}.Debug|Any CPU.ActiveCfg = Debug|Any CPU
		{9DB13EB2-28E3-432B-8C8F-0E39EF5BCC38}.Debug|Any CPU.Build.0 = Debug|Any CPU
		{9DB13EB2-28E3-432B-8C8F-0E39EF5BCC38}.Debug|Mixed Platforms.ActiveCfg = Debug|Any CPU
		{9DB13EB2-28E3-432B-8C8F-0E39EF5BCC38}.Debug|Mixed Platforms.Build.0 = Debug|Any CPU
		{9DB13EB2-28E3-432B-8C8F-0E39EF5BCC38}.Debug|x86.ActiveCfg = Debug|Any CPU
		{9DB13EB2-28E3-432B-8C8F-0E39EF5BCC38}.Release|Any CPU.ActiveCfg = Release|Any CPU
		{9DB13EB2-28E3-432B-8C8F-0E39EF5BCC38}.Release|Any CPU.Build.0 = Release|Any CPU
		{9DB13EB2-28E3-432B-8C8F-0E39EF5BCC38}.Release|Mixed Platforms.ActiveCfg = Release|Any CPU
		{9DB13EB2-28E3-432B-8C8F-0E39EF5BCC38}.Release|Mixed Platforms.Build.0 = Release|Any CPU
		{9DB13EB2-28E3-432B-8C8F-0E39EF5BCC38}.Release|x86.ActiveCfg = Release|Any CPU
		{A8AACA46-CCC8-429F-B626-4CFC77F3A21A}.Debug|Any CPU.ActiveCfg = Debug|Any CPU
		{A8AACA46-CCC8-429F-B626-4CFC77F3A21A}.Debug|Any CPU.Build.0 = Debug|Any CPU
		{A8AACA46-CCC8-429F-B626-4CFC77F3A21A}.Debug|Mixed Platforms.ActiveCfg = Debug|Any CPU
		{A8AACA46-CCC8-429F-B626-4CFC77F3A21A}.Debug|Mixed Platforms.Build.0 = Debug|Any CPU
		{A8AACA46-CCC8-429F-B626-4CFC77F3A21A}.Debug|x86.ActiveCfg = Debug|Any CPU
		{A8AACA46-CCC8-429F-B626-4CFC77F3A21A}.Release|Any CPU.ActiveCfg = Release|Any CPU
		{A8AACA46-CCC8-429F-B626-4CFC77F3A21A}.Release|Any CPU.Build.0 = Release|Any CPU
		{A8AACA46-CCC8-429F-B626-4CFC77F3A21A}.Release|Mixed Platforms.ActiveCfg = Release|Any CPU
		{A8AACA46-CCC8-429F-B626-4CFC77F3A21A}.Release|Mixed Platforms.Build.0 = Release|Any CPU
		{A8AACA46-CCC8-429F-B626-4CFC77F3A21A}.Release|x86.ActiveCfg = Release|Any CPU
		{792F6159-9FF0-4352-8323-591A9BAD3472}.Debug|Any CPU.ActiveCfg = Debug|Any CPU
		{792F6159-9FF0-4352-8323-591A9BAD3472}.Debug|Any CPU.Build.0 = Debug|Any CPU
		{792F6159-9FF0-4352-8323-591A9BAD3472}.Debug|Mixed Platforms.ActiveCfg = Debug|Any CPU
		{792F6159-9FF0-4352-8323-591A9BAD3472}.Debug|Mixed Platforms.Build.0 = Debug|Any CPU
		{792F6159-9FF0-4352-8323-591A9BAD3472}.Debug|x86.ActiveCfg = Debug|Any CPU
		{792F6159-9FF0-4352-8323-591A9BAD3472}.Release|Any CPU.ActiveCfg = Release|Any CPU
		{792F6159-9FF0-4352-8323-591A9BAD3472}.Release|Any CPU.Build.0 = Release|Any CPU
		{792F6159-9FF0-4352-8323-591A9BAD3472}.Release|Mixed Platforms.ActiveCfg = Release|Any CPU
		{792F6159-9FF0-4352-8323-591A9BAD3472}.Release|Mixed Platforms.Build.0 = Release|Any CPU
		{792F6159-9FF0-4352-8323-591A9BAD3472}.Release|x86.ActiveCfg = Release|Any CPU
		{BE6DFD78-ED34-4F74-9185-7DD20F52D068}.Debug|Any CPU.ActiveCfg = Debug|Any CPU
		{BE6DFD78-ED34-4F74-9185-7DD20F52D068}.Debug|Any CPU.Build.0 = Debug|Any CPU
		{BE6DFD78-ED34-4F74-9185-7DD20F52D068}.Debug|Mixed Platforms.ActiveCfg = Debug|Any CPU
		{BE6DFD78-ED34-4F74-9185-7DD20F52D068}.Debug|Mixed Platforms.Build.0 = Debug|Any CPU
		{BE6DFD78-ED34-4F74-9185-7DD20F52D068}.Debug|x86.ActiveCfg = Debug|Any CPU
		{BE6DFD78-ED34-4F74-9185-7DD20F52D068}.Release|Any CPU.ActiveCfg = Release|Any CPU
		{BE6DFD78-ED34-4F74-9185-7DD20F52D068}.Release|Any CPU.Build.0 = Release|Any CPU
		{BE6DFD78-ED34-4F74-9185-7DD20F52D068}.Release|Mixed Platforms.ActiveCfg = Release|Any CPU
		{BE6DFD78-ED34-4F74-9185-7DD20F52D068}.Release|Mixed Platforms.Build.0 = Release|Any CPU
		{BE6DFD78-ED34-4F74-9185-7DD20F52D068}.Release|x86.ActiveCfg = Release|Any CPU
		{5DF68601-F64C-492A-B3BF-A217B15C65B7}.Debug|Any CPU.ActiveCfg = Debug|Any CPU
		{5DF68601-F64C-492A-B3BF-A217B15C65B7}.Debug|Any CPU.Build.0 = Debug|Any CPU
		{5DF68601-F64C-492A-B3BF-A217B15C65B7}.Debug|Mixed Platforms.ActiveCfg = Debug|Any CPU
		{5DF68601-F64C-492A-B3BF-A217B15C65B7}.Debug|Mixed Platforms.Build.0 = Debug|Any CPU
		{5DF68601-F64C-492A-B3BF-A217B15C65B7}.Debug|x86.ActiveCfg = Debug|Any CPU
		{5DF68601-F64C-492A-B3BF-A217B15C65B7}.Release|Any CPU.ActiveCfg = Release|Any CPU
		{5DF68601-F64C-492A-B3BF-A217B15C65B7}.Release|Any CPU.Build.0 = Release|Any CPU
		{5DF68601-F64C-492A-B3BF-A217B15C65B7}.Release|Mixed Platforms.ActiveCfg = Release|Any CPU
		{5DF68601-F64C-492A-B3BF-A217B15C65B7}.Release|Mixed Platforms.Build.0 = Release|Any CPU
		{5DF68601-F64C-492A-B3BF-A217B15C65B7}.Release|x86.ActiveCfg = Release|Any CPU
		{D3C87D75-E119-4D30-A8BE-DC28014BB653}.Debug|Any CPU.ActiveCfg = Debug|Any CPU
		{D3C87D75-E119-4D30-A8BE-DC28014BB653}.Debug|Any CPU.Build.0 = Debug|Any CPU
		{D3C87D75-E119-4D30-A8BE-DC28014BB653}.Debug|Mixed Platforms.ActiveCfg = Debug|Any CPU
		{D3C87D75-E119-4D30-A8BE-DC28014BB653}.Debug|Mixed Platforms.Build.0 = Debug|Any CPU
		{D3C87D75-E119-4D30-A8BE-DC28014BB653}.Debug|x86.ActiveCfg = Debug|Any CPU
		{D3C87D75-E119-4D30-A8BE-DC28014BB653}.Release|Any CPU.ActiveCfg = Release|Any CPU
		{D3C87D75-E119-4D30-A8BE-DC28014BB653}.Release|Any CPU.Build.0 = Release|Any CPU
		{D3C87D75-E119-4D30-A8BE-DC28014BB653}.Release|Mixed Platforms.ActiveCfg = Release|Any CPU
		{D3C87D75-E119-4D30-A8BE-DC28014BB653}.Release|Mixed Platforms.Build.0 = Release|Any CPU
		{D3C87D75-E119-4D30-A8BE-DC28014BB653}.Release|x86.ActiveCfg = Release|Any CPU
		{9BC9B613-47F1-443C-8205-AC3CFABE7DB9}.Debug|Any CPU.ActiveCfg = Debug|Any CPU
		{9BC9B613-47F1-443C-8205-AC3CFABE7DB9}.Debug|Any CPU.Build.0 = Debug|Any CPU
		{9BC9B613-47F1-443C-8205-AC3CFABE7DB9}.Debug|Mixed Platforms.ActiveCfg = Debug|Any CPU
		{9BC9B613-47F1-443C-8205-AC3CFABE7DB9}.Debug|Mixed Platforms.Build.0 = Debug|Any CPU
		{9BC9B613-47F1-443C-8205-AC3CFABE7DB9}.Debug|x86.ActiveCfg = Debug|Any CPU
		{9BC9B613-47F1-443C-8205-AC3CFABE7DB9}.Release|Any CPU.ActiveCfg = Release|Any CPU
		{9BC9B613-47F1-443C-8205-AC3CFABE7DB9}.Release|Any CPU.Build.0 = Release|Any CPU
		{9BC9B613-47F1-443C-8205-AC3CFABE7DB9}.Release|Mixed Platforms.ActiveCfg = Release|Any CPU
		{9BC9B613-47F1-443C-8205-AC3CFABE7DB9}.Release|Mixed Platforms.Build.0 = Release|Any CPU
		{9BC9B613-47F1-443C-8205-AC3CFABE7DB9}.Release|x86.ActiveCfg = Release|Any CPU
		{EFC549E8-D683-47C4-9019-1B8028BAB4E0}.Debug|Any CPU.ActiveCfg = Debug|Any CPU
		{EFC549E8-D683-47C4-9019-1B8028BAB4E0}.Debug|Any CPU.Build.0 = Debug|Any CPU
		{EFC549E8-D683-47C4-9019-1B8028BAB4E0}.Debug|Mixed Platforms.ActiveCfg = Debug|Any CPU
		{EFC549E8-D683-47C4-9019-1B8028BAB4E0}.Debug|Mixed Platforms.Build.0 = Debug|Any CPU
		{EFC549E8-D683-47C4-9019-1B8028BAB4E0}.Debug|x86.ActiveCfg = Debug|Any CPU
		{EFC549E8-D683-47C4-9019-1B8028BAB4E0}.Debug|x86.Build.0 = Debug|Any CPU
		{EFC549E8-D683-47C4-9019-1B8028BAB4E0}.Release|Any CPU.ActiveCfg = Release|Any CPU
		{EFC549E8-D683-47C4-9019-1B8028BAB4E0}.Release|Any CPU.Build.0 = Release|Any CPU
		{EFC549E8-D683-47C4-9019-1B8028BAB4E0}.Release|Mixed Platforms.ActiveCfg = Release|Any CPU
		{EFC549E8-D683-47C4-9019-1B8028BAB4E0}.Release|Mixed Platforms.Build.0 = Release|Any CPU
		{EFC549E8-D683-47C4-9019-1B8028BAB4E0}.Release|x86.ActiveCfg = Release|Any CPU
		{EFC549E8-D683-47C4-9019-1B8028BAB4E0}.Release|x86.Build.0 = Release|Any CPU
		{A6B5E16C-F5CD-46B0-A227-8F66E2475F4E}.Debug|Any CPU.ActiveCfg = Debug|Any CPU
		{A6B5E16C-F5CD-46B0-A227-8F66E2475F4E}.Debug|Any CPU.Build.0 = Debug|Any CPU
		{A6B5E16C-F5CD-46B0-A227-8F66E2475F4E}.Debug|Mixed Platforms.ActiveCfg = Debug|Any CPU
		{A6B5E16C-F5CD-46B0-A227-8F66E2475F4E}.Debug|Mixed Platforms.Build.0 = Debug|Any CPU
		{A6B5E16C-F5CD-46B0-A227-8F66E2475F4E}.Debug|x86.ActiveCfg = Debug|Any CPU
		{A6B5E16C-F5CD-46B0-A227-8F66E2475F4E}.Debug|x86.Build.0 = Debug|Any CPU
		{A6B5E16C-F5CD-46B0-A227-8F66E2475F4E}.Release|Any CPU.ActiveCfg = Release|Any CPU
		{A6B5E16C-F5CD-46B0-A227-8F66E2475F4E}.Release|Any CPU.Build.0 = Release|Any CPU
		{A6B5E16C-F5CD-46B0-A227-8F66E2475F4E}.Release|Mixed Platforms.ActiveCfg = Release|Any CPU
		{A6B5E16C-F5CD-46B0-A227-8F66E2475F4E}.Release|Mixed Platforms.Build.0 = Release|Any CPU
		{A6B5E16C-F5CD-46B0-A227-8F66E2475F4E}.Release|x86.ActiveCfg = Release|Any CPU
		{A6B5E16C-F5CD-46B0-A227-8F66E2475F4E}.Release|x86.Build.0 = Release|Any CPU
	EndGlobalSection
	GlobalSection(SolutionProperties) = preSolution
		HideSolutionNode = FALSE
	EndGlobalSection
	GlobalSection(NestedProjects) = preSolution
		{244BECF5-D87D-434D-839D-771F4D0EDAA1} = {622651DB-031F-4575-B69F-BB5F8C6819D6}
		{15F9E6F4-E47B-468F-9E42-C525CF2CBB16} = {622651DB-031F-4575-B69F-BB5F8C6819D6}
		{9DB13EB2-28E3-432B-8C8F-0E39EF5BCC38} = {244BECF5-D87D-434D-839D-771F4D0EDAA1}
		{A8AACA46-CCC8-429F-B626-4CFC77F3A21A} = {244BECF5-D87D-434D-839D-771F4D0EDAA1}
		{792F6159-9FF0-4352-8323-591A9BAD3472} = {244BECF5-D87D-434D-839D-771F4D0EDAA1}
		{BE6DFD78-ED34-4F74-9185-7DD20F52D068} = {15F9E6F4-E47B-468F-9E42-C525CF2CBB16}
		{5DF68601-F64C-492A-B3BF-A217B15C65B7} = {15F9E6F4-E47B-468F-9E42-C525CF2CBB16}
		{D3C87D75-E119-4D30-A8BE-DC28014BB653} = {244BECF5-D87D-434D-839D-771F4D0EDAA1}
		{9BC9B613-47F1-443C-8205-AC3CFABE7DB9} = {244BECF5-D87D-434D-839D-771F4D0EDAA1}
		{EFC549E8-D683-47C4-9019-1B8028BAB4E0} = {15F9E6F4-E47B-468F-9E42-C525CF2CBB16}
		{A6B5E16C-F5CD-46B0-A227-8F66E2475F4E} = {15F9E6F4-E47B-468F-9E42-C525CF2CBB16}
	EndGlobalSection
	GlobalSection(ExtensibilityGlobals) = postSolution
		SolutionGuid = {E2A814FD-D691-429C-83EF-70D5280EDA7C}
	EndGlobalSection
EndGlobal
