
Microsoft Visual Studio Solution File, Format Version 12.00
# Visual Studio 15
VisualStudioVersion = 15.0.26430.6
MinimumVisualStudioVersion = 10.0.40219.1
Project("{2150E333-8FDC-42A3-9474-1A3956D46DE8}") = "Nitra", "Nitra", "{244BECF5-D87D-434D-839D-771F4D0EDAA1}"
EndProject
Project("{2150E333-8FDC-42A3-9474-1A3956D46DE8}") = "IDE", "IDE", "{6D240FCF-6798-4564-A378-1E6D30B0C09B}"
EndProject
Project("{2150E333-8FDC-42A3-9474-1A3956D46DE8}") = "Grammars", "Grammars", "{7D5AFEDC-E05B-40CE-B222-107C48EC4187}"
EndProject
Project("{2150E333-8FDC-42A3-9474-1A3956D46DE8}") = "Visualizer", "Visualizer", "{9CDB5941-A465-44D0-874C-666ACEBBE01B}"
EndProject
Project("{2150E333-8FDC-42A3-9474-1A3956D46DE8}") = "CSharp", "CSharp", "{A47D1CFE-369A-4CFE-9C14-2FF71174490F}"
EndProject
Project("{2150E333-8FDC-42A3-9474-1A3956D46DE8}") = "Root", "Root", "{622651DB-031F-4575-B69F-BB5F8C6819D6}"
EndProject
Project("{2150E333-8FDC-42A3-9474-1A3956D46DE8}") = ".nuget", ".nuget", "{E77E0CD7-80F8-4F60-AD27-DF7BEFFC9FD7}"
	ProjectSection(SolutionItems) = preProject
		.nuget\packages.config = .nuget\packages.config
	EndProjectSection
EndProject
Project("{2150E333-8FDC-42A3-9474-1A3956D46DE8}") = "ClientServer", "ClientServer", "{EF6B60AD-931A-4E3A-9B04-85139CD0E1AA}"
EndProject
Project("{EDCC3B85-0BAD-11DB-BC1A-00112FDE8B61}") = "Nitra.Runtime", "Nitra\Nitra.Runtime\Nitra.Runtime.nproj", "{9DB13EB2-28E3-432B-8C8F-0E39EF5BCC38}"
EndProject
Project("{EDCC3B85-0BAD-11DB-BC1A-00112FDE8B61}") = "Nitra.Compiler", "Nitra\Nitra.Compiler\Nitra.Compiler.nproj", "{A8AACA46-CCC8-429F-B626-4CFC77F3A21A}"
EndProject
Project("{EDCC3B85-0BAD-11DB-BC1A-00112FDE8B61}") = "Nitra.Grammar", "Nitra\Nitra.Grammar\Nitra.Grammar.nproj", "{792F6159-9FF0-4352-8323-591A9BAD3472}"
EndProject
Project("{EDCC3B85-0BAD-11DB-BC1A-00112FDE8B61}") = "CSharp.Grammar", "Grammars\CSharp\CSharp.Grammar\CSharp.Grammar.nproj", "{249928BB-C446-42B3-BFF3-CA98DABB9609}"
EndProject
Project("{FAE04EC0-301F-11D3-BF4B-00C04F79EFBC}") = "Nitra.Visualizer", "Nitra.Visualizer\Nitra.Visualizer.csproj", "{8FC74178-4B54-4DF2-AC0D-44422C87652D}"
	ProjectSection(ProjectDependencies) = postProject
		{705D1C4F-0AC8-4BDC-80CD-E3D26CFA5397} = {705D1C4F-0AC8-4BDC-80CD-E3D26CFA5397}
	EndProjectSection
EndProject
Project("{EDCC3B85-0BAD-11DB-BC1A-00112FDE8B61}") = "Nitra.LanguageCompiler", "Nitra.LanguageCompiler\Nitra.LanguageCompiler.nproj", "{5B187CE9-5655-4D43-BFEC-0D77B5C63818}"
	ProjectSection(ProjectDependencies) = postProject
		{593985EE-6308-4079-B6ED-EE844CDFCE5F} = {593985EE-6308-4079-B6ED-EE844CDFCE5F}
	EndProjectSection
EndProject
Project("{FAE04EC0-301F-11D3-BF4B-00C04F79EFBC}") = "Nitra.VisualStudio.Plugin", "Ide\Nitra.VisualStudio.Plugin\Nitra.VisualStudio.Plugin.csproj", "{225DFCB6-3546-4D9C-86EC-A5D5BCF693D4}"
	ProjectSection(ProjectDependencies) = postProject
		{1DC85BBE-138A-4BCE-9E25-B076BD4D2DBE} = {1DC85BBE-138A-4BCE-9E25-B076BD4D2DBE}
		{5B187CE9-5655-4D43-BFEC-0D77B5C63818} = {5B187CE9-5655-4D43-BFEC-0D77B5C63818}
		{593985EE-6308-4079-B6ED-EE844CDFCE5F} = {593985EE-6308-4079-B6ED-EE844CDFCE5F}
	EndProjectSection
EndProject
Project("{FAE04EC0-301F-11D3-BF4B-00C04F79EFBC}") = "CSharp.VisualStudio.Plugin", "Ide\CSharp.VisualStudio.Plugin\CSharp.VisualStudio.Plugin.csproj", "{E83ABDE7-81E4-4127-AE94-B630B842B9A7}"
	ProjectSection(ProjectDependencies) = postProject
		{1DC85BBE-138A-4BCE-9E25-B076BD4D2DBE} = {1DC85BBE-138A-4BCE-9E25-B076BD4D2DBE}
		{593985EE-6308-4079-B6ED-EE844CDFCE5F} = {593985EE-6308-4079-B6ED-EE844CDFCE5F}
	EndProjectSection
EndProject
Project("{EDCC3B85-0BAD-11DB-BC1A-00112FDE8B61}") = "DotNetLang", "Nitra\DotNetLang\DotNetLang.nproj", "{D3C87D75-E119-4D30-A8BE-DC28014BB653}"
EndProject
Project("{EDCC3B85-0BAD-11DB-BC1A-00112FDE8B61}") = "DotNet.BackEnd.CCI", "DotNet.BackEnd.CCI\DotNet.BackEnd.CCI.nproj", "{9BC9B613-47F1-443C-8205-AC3CFABE7DB9}"
EndProject
Project("{FAE04EC0-301F-11D3-BF4B-00C04F79EFBC}") = "Shell.Interop", "Ide\Shell.Interop\Shell.Interop.csproj", "{2AE4160D-F51A-4374-9F40-ECEE109D0F0D}"
EndProject
Project("{FAE04EC0-301F-11D3-BF4B-00C04F79EFBC}") = "Nitra.MSBuild.Tasks", "Ide\Nitra.MSBuild.Tasks\Nitra.MSBuild.Tasks.csproj", "{593985EE-6308-4079-B6ED-EE844CDFCE5F}"
EndProject
Project("{EDCC3B85-0BAD-11DB-BC1A-00112FDE8B61}") = "Nitra.TestsLauncher", "Nitra.TestsLauncher\Nitra.TestsLauncher.nproj", "{3E37A0C6-A02C-43CE-975F-893D690222B3}"
	ProjectSection(ProjectDependencies) = postProject
		{705D1C4F-0AC8-4BDC-80CD-E3D26CFA5397} = {705D1C4F-0AC8-4BDC-80CD-E3D26CFA5397}
	EndProjectSection
EndProject
Project("{EDCC3B85-0BAD-11DB-BC1A-00112FDE8B61}") = "Nitra.ClientServer.Client", "Nitra\ClientServer\Nitra.ClientServer.Client\Nitra.ClientServer.Client.nproj", "{43BE6B32-535B-40D4-943A-0797BA1B6A90}"
EndProject
Project("{EDCC3B85-0BAD-11DB-BC1A-00112FDE8B61}") = "Nitra.ClientServer.Macros", "Nitra\ClientServer\Nitra.ClientServer.Macros\Nitra.ClientServer.Macros.nproj", "{9393C049-D118-41DA-8116-22DB176B1C5B}"
EndProject
Project("{EDCC3B85-0BAD-11DB-BC1A-00112FDE8B61}") = "Nitra.ClientServer.Messages", "Nitra\ClientServer\Nitra.ClientServer.Messages\Nitra.ClientServer.Messages.nproj", "{7908821A-47A0-42F4-B6E5-F3062BA8A06A}"
EndProject
Project("{EDCC3B85-0BAD-11DB-BC1A-00112FDE8B61}") = "Nitra.ClientServer.Server", "Nitra\ClientServer\Nitra.ClientServer.Server\Nitra.ClientServer.Server.nproj", "{705D1C4F-0AC8-4BDC-80CD-E3D26CFA5397}"
EndProject
Project("{FAE04EC0-301F-11D3-BF4B-00C04F79EFBC}") = "NitraCommonVSIX", "Ide\NitraCommonVSIX\NitraCommonVSIX.csproj", "{1DC85BBE-138A-4BCE-9E25-B076BD4D2DBE}"
	ProjectSection(ProjectDependencies) = postProject
		{24B5A712-B856-4D0A-B367-222CE38C67C6} = {24B5A712-B856-4D0A-B367-222CE38C67C6}
		{705D1C4F-0AC8-4BDC-80CD-E3D26CFA5397} = {705D1C4F-0AC8-4BDC-80CD-E3D26CFA5397}
		{D85F6EF5-4F49-4DE5-B83A-D5284F84C139} = {D85F6EF5-4F49-4DE5-B83A-D5284F84C139}
	EndProjectSection
EndProject
Project("{FAE04EC0-301F-11D3-BF4B-00C04F79EFBC}") = "NitraCommonIde", "Ide\NitraCommonIde\NitraCommonIde.csproj", "{DCF35834-4AC6-4925-A7BC-A1DCF849B4E0}"
EndProject
Project("{FAE04EC0-301F-11D3-BF4B-00C04F79EFBC}") = "DotNetLang.VisualStudio.Plugin", "Ide\DotNetLang.VisualStudio.Plugin\DotNetLang.VisualStudio.Plugin.csproj", "{D85F6EF5-4F49-4DE5-B83A-D5284F84C139}"
EndProject
Project("{FAE04EC0-301F-11D3-BF4B-00C04F79EFBC}") = "Common.VisualStudio.Plugin", "Ide\Common.VisualStudio.Plugin\Common.VisualStudio.Plugin.csproj", "{24B5A712-B856-4D0A-B367-222CE38C67C6}"
EndProject
Project("{FAE04EC0-301F-11D3-BF4B-00C04F79EFBC}") = "WpfHint2", "Ide\WpfHint\WpfHint2.csproj", "{7670DE22-B023-4783-BA19-BB2DB50E1762}"
EndProject
Project("{FAE04EC0-301F-11D3-BF4B-00C04F79EFBC}") = "System.Collections.Immutable.Light", "System.Collections.Immutable.Light\System.Collections.Immutable.Light.csproj", "{46F78A78-93FF-4E51-B221-8E5FFFE8806D}"
EndProject
Project("{EDCC3B85-0BAD-11DB-BC1A-00112FDE8B61}") = "Nitra.Utils", "Nitra\Nitra.Utils\Nitra.Utils.nproj", "{8BFFAF3A-B454-4544-9218-3197DF381D88}"
EndProject
Project("{EDCC3B85-0BAD-11DB-BC1A-00112FDE8B61}") = "DotNet.BackEnd.Dnlib", "DotNet.BackEnd.Dnlib\DotNet.BackEnd.Dnlib.nproj", "{D047B6C3-E044-4F1F-8C79-97F37352BD02}"
EndProject
Global
	GlobalSection(SolutionConfigurationPlatforms) = preSolution
		Debug|Any CPU = Debug|Any CPU
		Debug|Mixed Platforms = Debug|Mixed Platforms
		Debug|x86 = Debug|x86
		Release|Any CPU = Release|Any CPU
		Release|Mixed Platforms = Release|Mixed Platforms
		Release|x86 = Release|x86
	EndGlobalSection
	GlobalSection(ProjectConfigurationPlatforms) = postSolution
		{9DB13EB2-28E3-432B-8C8F-0E39EF5BCC38}.Debug|Any CPU.ActiveCfg = Debug|Any CPU
		{9DB13EB2-28E3-432B-8C8F-0E39EF5BCC38}.Debug|Any CPU.Build.0 = Debug|Any CPU
		{9DB13EB2-28E3-432B-8C8F-0E39EF5BCC38}.Debug|Mixed Platforms.ActiveCfg = Debug|Any CPU
		{9DB13EB2-28E3-432B-8C8F-0E39EF5BCC38}.Debug|Mixed Platforms.Build.0 = Debug|Any CPU
		{9DB13EB2-28E3-432B-8C8F-0E39EF5BCC38}.Debug|x86.ActiveCfg = Debug|Any CPU
		{9DB13EB2-28E3-432B-8C8F-0E39EF5BCC38}.Release|Any CPU.ActiveCfg = Release|Any CPU
		{9DB13EB2-28E3-432B-8C8F-0E39EF5BCC38}.Release|Any CPU.Build.0 = Release|Any CPU
		{9DB13EB2-28E3-432B-8C8F-0E39EF5BCC38}.Release|Mixed Platforms.ActiveCfg = Release|Any CPU
		{9DB13EB2-28E3-432B-8C8F-0E39EF5BCC38}.Release|Mixed Platforms.Build.0 = Release|Any CPU
		{9DB13EB2-28E3-432B-8C8F-0E39EF5BCC38}.Release|x86.ActiveCfg = Release|Any CPU
		{A8AACA46-CCC8-429F-B626-4CFC77F3A21A}.Debug|Any CPU.ActiveCfg = Debug|Any CPU
		{A8AACA46-CCC8-429F-B626-4CFC77F3A21A}.Debug|Any CPU.Build.0 = Debug|Any CPU
		{A8AACA46-CCC8-429F-B626-4CFC77F3A21A}.Debug|Mixed Platforms.ActiveCfg = Debug|Any CPU
		{A8AACA46-CCC8-429F-B626-4CFC77F3A21A}.Debug|Mixed Platforms.Build.0 = Debug|Any CPU
		{A8AACA46-CCC8-429F-B626-4CFC77F3A21A}.Debug|x86.ActiveCfg = Debug|Any CPU
		{A8AACA46-CCC8-429F-B626-4CFC77F3A21A}.Release|Any CPU.ActiveCfg = Release|Any CPU
		{A8AACA46-CCC8-429F-B626-4CFC77F3A21A}.Release|Any CPU.Build.0 = Release|Any CPU
		{A8AACA46-CCC8-429F-B626-4CFC77F3A21A}.Release|Mixed Platforms.ActiveCfg = Release|Any CPU
		{A8AACA46-CCC8-429F-B626-4CFC77F3A21A}.Release|Mixed Platforms.Build.0 = Release|Any CPU
		{A8AACA46-CCC8-429F-B626-4CFC77F3A21A}.Release|x86.ActiveCfg = Release|Any CPU
		{792F6159-9FF0-4352-8323-591A9BAD3472}.Debug|Any CPU.ActiveCfg = Debug|Any CPU
		{792F6159-9FF0-4352-8323-591A9BAD3472}.Debug|Any CPU.Build.0 = Debug|Any CPU
		{792F6159-9FF0-4352-8323-591A9BAD3472}.Debug|Mixed Platforms.ActiveCfg = Debug|Any CPU
		{792F6159-9FF0-4352-8323-591A9BAD3472}.Debug|Mixed Platforms.Build.0 = Debug|Any CPU
		{792F6159-9FF0-4352-8323-591A9BAD3472}.Debug|x86.ActiveCfg = Debug|Any CPU
		{792F6159-9FF0-4352-8323-591A9BAD3472}.Release|Any CPU.ActiveCfg = Release|Any CPU
		{792F6159-9FF0-4352-8323-591A9BAD3472}.Release|Any CPU.Build.0 = Release|Any CPU
		{792F6159-9FF0-4352-8323-591A9BAD3472}.Release|Mixed Platforms.ActiveCfg = Release|Any CPU
		{792F6159-9FF0-4352-8323-591A9BAD3472}.Release|Mixed Platforms.Build.0 = Release|Any CPU
		{792F6159-9FF0-4352-8323-591A9BAD3472}.Release|x86.ActiveCfg = Release|Any CPU
		{249928BB-C446-42B3-BFF3-CA98DABB9609}.Debug|Any CPU.ActiveCfg = Debug|Any CPU
		{249928BB-C446-42B3-BFF3-CA98DABB9609}.Debug|Any CPU.Build.0 = Debug|Any CPU
		{249928BB-C446-42B3-BFF3-CA98DABB9609}.Debug|Mixed Platforms.ActiveCfg = Debug|Any CPU
		{249928BB-C446-42B3-BFF3-CA98DABB9609}.Debug|Mixed Platforms.Build.0 = Debug|Any CPU
		{249928BB-C446-42B3-BFF3-CA98DABB9609}.Debug|x86.ActiveCfg = Debug|Any CPU
		{249928BB-C446-42B3-BFF3-CA98DABB9609}.Release|Any CPU.ActiveCfg = Release|Any CPU
		{249928BB-C446-42B3-BFF3-CA98DABB9609}.Release|Any CPU.Build.0 = Release|Any CPU
		{249928BB-C446-42B3-BFF3-CA98DABB9609}.Release|Mixed Platforms.ActiveCfg = Release|Any CPU
		{249928BB-C446-42B3-BFF3-CA98DABB9609}.Release|Mixed Platforms.Build.0 = Release|Any CPU
		{249928BB-C446-42B3-BFF3-CA98DABB9609}.Release|x86.ActiveCfg = Release|Any CPU
		{8FC74178-4B54-4DF2-AC0D-44422C87652D}.Debug|Any CPU.ActiveCfg = Debug|Any CPU
		{8FC74178-4B54-4DF2-AC0D-44422C87652D}.Debug|Any CPU.Build.0 = Debug|Any CPU
		{8FC74178-4B54-4DF2-AC0D-44422C87652D}.Debug|Mixed Platforms.ActiveCfg = Debug|Any CPU
		{8FC74178-4B54-4DF2-AC0D-44422C87652D}.Debug|Mixed Platforms.Build.0 = Debug|Any CPU
		{8FC74178-4B54-4DF2-AC0D-44422C87652D}.Debug|x86.ActiveCfg = Debug|Any CPU
		{8FC74178-4B54-4DF2-AC0D-44422C87652D}.Release|Any CPU.ActiveCfg = Release|Any CPU
		{8FC74178-4B54-4DF2-AC0D-44422C87652D}.Release|Any CPU.Build.0 = Release|Any CPU
		{8FC74178-4B54-4DF2-AC0D-44422C87652D}.Release|Mixed Platforms.ActiveCfg = Release|Any CPU
		{8FC74178-4B54-4DF2-AC0D-44422C87652D}.Release|Mixed Platforms.Build.0 = Release|Any CPU
		{8FC74178-4B54-4DF2-AC0D-44422C87652D}.Release|x86.ActiveCfg = Release|Any CPU
		{5B187CE9-5655-4D43-BFEC-0D77B5C63818}.Debug|Any CPU.ActiveCfg = Debug|Any CPU
		{5B187CE9-5655-4D43-BFEC-0D77B5C63818}.Debug|Any CPU.Build.0 = Debug|Any CPU
		{5B187CE9-5655-4D43-BFEC-0D77B5C63818}.Debug|Mixed Platforms.ActiveCfg = Debug|Any CPU
		{5B187CE9-5655-4D43-BFEC-0D77B5C63818}.Debug|Mixed Platforms.Build.0 = Debug|Any CPU
		{5B187CE9-5655-4D43-BFEC-0D77B5C63818}.Debug|x86.ActiveCfg = Debug|x86
		{5B187CE9-5655-4D43-BFEC-0D77B5C63818}.Debug|x86.Build.0 = Debug|x86
		{5B187CE9-5655-4D43-BFEC-0D77B5C63818}.Release|Any CPU.ActiveCfg = Release|Any CPU
		{5B187CE9-5655-4D43-BFEC-0D77B5C63818}.Release|Any CPU.Build.0 = Release|Any CPU
		{5B187CE9-5655-4D43-BFEC-0D77B5C63818}.Release|Mixed Platforms.ActiveCfg = Release|Any CPU
		{5B187CE9-5655-4D43-BFEC-0D77B5C63818}.Release|Mixed Platforms.Build.0 = Release|Any CPU
		{5B187CE9-5655-4D43-BFEC-0D77B5C63818}.Release|x86.ActiveCfg = Release|x86
		{5B187CE9-5655-4D43-BFEC-0D77B5C63818}.Release|x86.Build.0 = Release|x86
		{225DFCB6-3546-4D9C-86EC-A5D5BCF693D4}.Debug|Any CPU.ActiveCfg = Debug|Any CPU
		{225DFCB6-3546-4D9C-86EC-A5D5BCF693D4}.Debug|Any CPU.Build.0 = Debug|Any CPU
		{225DFCB6-3546-4D9C-86EC-A5D5BCF693D4}.Debug|Mixed Platforms.ActiveCfg = Debug|Any CPU
		{225DFCB6-3546-4D9C-86EC-A5D5BCF693D4}.Debug|Mixed Platforms.Build.0 = Debug|Any CPU
		{225DFCB6-3546-4D9C-86EC-A5D5BCF693D4}.Debug|x86.ActiveCfg = Debug|Any CPU
		{225DFCB6-3546-4D9C-86EC-A5D5BCF693D4}.Release|Any CPU.ActiveCfg = Release|Any CPU
		{225DFCB6-3546-4D9C-86EC-A5D5BCF693D4}.Release|Any CPU.Build.0 = Release|Any CPU
		{225DFCB6-3546-4D9C-86EC-A5D5BCF693D4}.Release|Mixed Platforms.ActiveCfg = Release|Any CPU
		{225DFCB6-3546-4D9C-86EC-A5D5BCF693D4}.Release|Mixed Platforms.Build.0 = Release|Any CPU
		{225DFCB6-3546-4D9C-86EC-A5D5BCF693D4}.Release|x86.ActiveCfg = Release|Any CPU
		{E83ABDE7-81E4-4127-AE94-B630B842B9A7}.Debug|Any CPU.ActiveCfg = Debug|Any CPU
		{E83ABDE7-81E4-4127-AE94-B630B842B9A7}.Debug|Any CPU.Build.0 = Debug|Any CPU
		{E83ABDE7-81E4-4127-AE94-B630B842B9A7}.Debug|Mixed Platforms.ActiveCfg = Debug|Any CPU
		{E83ABDE7-81E4-4127-AE94-B630B842B9A7}.Debug|Mixed Platforms.Build.0 = Debug|Any CPU
		{E83ABDE7-81E4-4127-AE94-B630B842B9A7}.Debug|x86.ActiveCfg = Debug|Any CPU
		{E83ABDE7-81E4-4127-AE94-B630B842B9A7}.Release|Any CPU.ActiveCfg = Release|Any CPU
		{E83ABDE7-81E4-4127-AE94-B630B842B9A7}.Release|Any CPU.Build.0 = Release|Any CPU
		{E83ABDE7-81E4-4127-AE94-B630B842B9A7}.Release|Mixed Platforms.ActiveCfg = Release|Any CPU
		{E83ABDE7-81E4-4127-AE94-B630B842B9A7}.Release|Mixed Platforms.Build.0 = Release|Any CPU
		{E83ABDE7-81E4-4127-AE94-B630B842B9A7}.Release|x86.ActiveCfg = Release|Any CPU
		{D3C87D75-E119-4D30-A8BE-DC28014BB653}.Debug|Any CPU.ActiveCfg = Debug|Any CPU
		{D3C87D75-E119-4D30-A8BE-DC28014BB653}.Debug|Any CPU.Build.0 = Debug|Any CPU
		{D3C87D75-E119-4D30-A8BE-DC28014BB653}.Debug|Mixed Platforms.ActiveCfg = Debug|Any CPU
		{D3C87D75-E119-4D30-A8BE-DC28014BB653}.Debug|Mixed Platforms.Build.0 = Debug|Any CPU
		{D3C87D75-E119-4D30-A8BE-DC28014BB653}.Debug|x86.ActiveCfg = Debug|Any CPU
		{D3C87D75-E119-4D30-A8BE-DC28014BB653}.Release|Any CPU.ActiveCfg = Release|Any CPU
		{D3C87D75-E119-4D30-A8BE-DC28014BB653}.Release|Any CPU.Build.0 = Release|Any CPU
		{D3C87D75-E119-4D30-A8BE-DC28014BB653}.Release|Mixed Platforms.ActiveCfg = Release|Any CPU
		{D3C87D75-E119-4D30-A8BE-DC28014BB653}.Release|Mixed Platforms.Build.0 = Release|Any CPU
		{D3C87D75-E119-4D30-A8BE-DC28014BB653}.Release|x86.ActiveCfg = Release|Any CPU
		{9BC9B613-47F1-443C-8205-AC3CFABE7DB9}.Debug|Any CPU.ActiveCfg = Debug|Any CPU
		{9BC9B613-47F1-443C-8205-AC3CFABE7DB9}.Debug|Any CPU.Build.0 = Debug|Any CPU
		{9BC9B613-47F1-443C-8205-AC3CFABE7DB9}.Debug|Mixed Platforms.ActiveCfg = Debug|Any CPU
		{9BC9B613-47F1-443C-8205-AC3CFABE7DB9}.Debug|Mixed Platforms.Build.0 = Debug|Any CPU
		{9BC9B613-47F1-443C-8205-AC3CFABE7DB9}.Debug|x86.ActiveCfg = Debug|Any CPU
		{9BC9B613-47F1-443C-8205-AC3CFABE7DB9}.Release|Any CPU.ActiveCfg = Release|Any CPU
		{9BC9B613-47F1-443C-8205-AC3CFABE7DB9}.Release|Any CPU.Build.0 = Release|Any CPU
		{9BC9B613-47F1-443C-8205-AC3CFABE7DB9}.Release|Mixed Platforms.ActiveCfg = Release|Any CPU
		{9BC9B613-47F1-443C-8205-AC3CFABE7DB9}.Release|Mixed Platforms.Build.0 = Release|Any CPU
		{9BC9B613-47F1-443C-8205-AC3CFABE7DB9}.Release|x86.ActiveCfg = Release|Any CPU
		{2AE4160D-F51A-4374-9F40-ECEE109D0F0D}.Debug|Any CPU.ActiveCfg = Debug|Any CPU
		{2AE4160D-F51A-4374-9F40-ECEE109D0F0D}.Debug|Any CPU.Build.0 = Debug|Any CPU
		{2AE4160D-F51A-4374-9F40-ECEE109D0F0D}.Debug|Mixed Platforms.ActiveCfg = Debug|Any CPU
		{2AE4160D-F51A-4374-9F40-ECEE109D0F0D}.Debug|Mixed Platforms.Build.0 = Debug|Any CPU
		{2AE4160D-F51A-4374-9F40-ECEE109D0F0D}.Debug|x86.ActiveCfg = Debug|Any CPU
		{2AE4160D-F51A-4374-9F40-ECEE109D0F0D}.Debug|x86.Build.0 = Debug|Any CPU
		{2AE4160D-F51A-4374-9F40-ECEE109D0F0D}.Release|Any CPU.ActiveCfg = Release|Any CPU
		{2AE4160D-F51A-4374-9F40-ECEE109D0F0D}.Release|Any CPU.Build.0 = Release|Any CPU
		{2AE4160D-F51A-4374-9F40-ECEE109D0F0D}.Release|Mixed Platforms.ActiveCfg = Release|Any CPU
		{2AE4160D-F51A-4374-9F40-ECEE109D0F0D}.Release|Mixed Platforms.Build.0 = Release|Any CPU
		{2AE4160D-F51A-4374-9F40-ECEE109D0F0D}.Release|x86.ActiveCfg = Release|Any CPU
		{2AE4160D-F51A-4374-9F40-ECEE109D0F0D}.Release|x86.Build.0 = Release|Any CPU
		{593985EE-6308-4079-B6ED-EE844CDFCE5F}.Debug|Any CPU.ActiveCfg = Debug|Any CPU
		{593985EE-6308-4079-B6ED-EE844CDFCE5F}.Debug|Any CPU.Build.0 = Debug|Any CPU
		{593985EE-6308-4079-B6ED-EE844CDFCE5F}.Debug|Mixed Platforms.ActiveCfg = Debug|Any CPU
		{593985EE-6308-4079-B6ED-EE844CDFCE5F}.Debug|Mixed Platforms.Build.0 = Debug|Any CPU
		{593985EE-6308-4079-B6ED-EE844CDFCE5F}.Debug|x86.ActiveCfg = Debug|Any CPU
		{593985EE-6308-4079-B6ED-EE844CDFCE5F}.Debug|x86.Build.0 = Debug|Any CPU
		{593985EE-6308-4079-B6ED-EE844CDFCE5F}.Release|Any CPU.ActiveCfg = Release|Any CPU
		{593985EE-6308-4079-B6ED-EE844CDFCE5F}.Release|Any CPU.Build.0 = Release|Any CPU
		{593985EE-6308-4079-B6ED-EE844CDFCE5F}.Release|Mixed Platforms.ActiveCfg = Release|Any CPU
		{593985EE-6308-4079-B6ED-EE844CDFCE5F}.Release|Mixed Platforms.Build.0 = Release|Any CPU
		{593985EE-6308-4079-B6ED-EE844CDFCE5F}.Release|x86.ActiveCfg = Release|Any CPU
		{593985EE-6308-4079-B6ED-EE844CDFCE5F}.Release|x86.Build.0 = Release|Any CPU
		{3E37A0C6-A02C-43CE-975F-893D690222B3}.Debug|Any CPU.ActiveCfg = Debug|Any CPU
		{3E37A0C6-A02C-43CE-975F-893D690222B3}.Debug|Any CPU.Build.0 = Debug|Any CPU
		{3E37A0C6-A02C-43CE-975F-893D690222B3}.Debug|Mixed Platforms.ActiveCfg = Debug|Any CPU
		{3E37A0C6-A02C-43CE-975F-893D690222B3}.Debug|Mixed Platforms.Build.0 = Debug|Any CPU
		{3E37A0C6-A02C-43CE-975F-893D690222B3}.Debug|x86.ActiveCfg = Debug|Any CPU
		{3E37A0C6-A02C-43CE-975F-893D690222B3}.Debug|x86.Build.0 = Debug|Any CPU
		{3E37A0C6-A02C-43CE-975F-893D690222B3}.Release|Any CPU.ActiveCfg = Release|Any CPU
		{3E37A0C6-A02C-43CE-975F-893D690222B3}.Release|Any CPU.Build.0 = Release|Any CPU
		{3E37A0C6-A02C-43CE-975F-893D690222B3}.Release|Mixed Platforms.ActiveCfg = Release|Any CPU
		{3E37A0C6-A02C-43CE-975F-893D690222B3}.Release|Mixed Platforms.Build.0 = Release|Any CPU
		{3E37A0C6-A02C-43CE-975F-893D690222B3}.Release|x86.ActiveCfg = Release|Any CPU
		{3E37A0C6-A02C-43CE-975F-893D690222B3}.Release|x86.Build.0 = Release|Any CPU
		{43BE6B32-535B-40D4-943A-0797BA1B6A90}.Debug|Any CPU.ActiveCfg = Debug|Any CPU
		{43BE6B32-535B-40D4-943A-0797BA1B6A90}.Debug|Any CPU.Build.0 = Debug|Any CPU
		{43BE6B32-535B-40D4-943A-0797BA1B6A90}.Debug|Mixed Platforms.ActiveCfg = Debug|Any CPU
		{43BE6B32-535B-40D4-943A-0797BA1B6A90}.Debug|Mixed Platforms.Build.0 = Debug|Any CPU
		{43BE6B32-535B-40D4-943A-0797BA1B6A90}.Debug|x86.ActiveCfg = Debug|Any CPU
		{43BE6B32-535B-40D4-943A-0797BA1B6A90}.Debug|x86.Build.0 = Debug|Any CPU
		{43BE6B32-535B-40D4-943A-0797BA1B6A90}.Release|Any CPU.ActiveCfg = Release|Any CPU
		{43BE6B32-535B-40D4-943A-0797BA1B6A90}.Release|Any CPU.Build.0 = Release|Any CPU
		{43BE6B32-535B-40D4-943A-0797BA1B6A90}.Release|Mixed Platforms.ActiveCfg = Release|Any CPU
		{43BE6B32-535B-40D4-943A-0797BA1B6A90}.Release|Mixed Platforms.Build.0 = Release|Any CPU
		{43BE6B32-535B-40D4-943A-0797BA1B6A90}.Release|x86.ActiveCfg = Release|Any CPU
		{43BE6B32-535B-40D4-943A-0797BA1B6A90}.Release|x86.Build.0 = Release|Any CPU
		{9393C049-D118-41DA-8116-22DB176B1C5B}.Debug|Any CPU.ActiveCfg = Debug|Any CPU
		{9393C049-D118-41DA-8116-22DB176B1C5B}.Debug|Any CPU.Build.0 = Debug|Any CPU
		{9393C049-D118-41DA-8116-22DB176B1C5B}.Debug|Mixed Platforms.ActiveCfg = Debug|Any CPU
		{9393C049-D118-41DA-8116-22DB176B1C5B}.Debug|Mixed Platforms.Build.0 = Debug|Any CPU
		{9393C049-D118-41DA-8116-22DB176B1C5B}.Debug|x86.ActiveCfg = Debug|Any CPU
		{9393C049-D118-41DA-8116-22DB176B1C5B}.Debug|x86.Build.0 = Debug|Any CPU
		{9393C049-D118-41DA-8116-22DB176B1C5B}.Release|Any CPU.ActiveCfg = Release|Any CPU
		{9393C049-D118-41DA-8116-22DB176B1C5B}.Release|Any CPU.Build.0 = Release|Any CPU
		{9393C049-D118-41DA-8116-22DB176B1C5B}.Release|Mixed Platforms.ActiveCfg = Release|Any CPU
		{9393C049-D118-41DA-8116-22DB176B1C5B}.Release|Mixed Platforms.Build.0 = Release|Any CPU
		{9393C049-D118-41DA-8116-22DB176B1C5B}.Release|x86.ActiveCfg = Release|Any CPU
		{9393C049-D118-41DA-8116-22DB176B1C5B}.Release|x86.Build.0 = Release|Any CPU
		{7908821A-47A0-42F4-B6E5-F3062BA8A06A}.Debug|Any CPU.ActiveCfg = Debug|Any CPU
		{7908821A-47A0-42F4-B6E5-F3062BA8A06A}.Debug|Any CPU.Build.0 = Debug|Any CPU
		{7908821A-47A0-42F4-B6E5-F3062BA8A06A}.Debug|Mixed Platforms.ActiveCfg = Debug|Any CPU
		{7908821A-47A0-42F4-B6E5-F3062BA8A06A}.Debug|Mixed Platforms.Build.0 = Debug|Any CPU
		{7908821A-47A0-42F4-B6E5-F3062BA8A06A}.Debug|x86.ActiveCfg = Debug|Any CPU
		{7908821A-47A0-42F4-B6E5-F3062BA8A06A}.Debug|x86.Build.0 = Debug|Any CPU
		{7908821A-47A0-42F4-B6E5-F3062BA8A06A}.Release|Any CPU.ActiveCfg = Release|Any CPU
		{7908821A-47A0-42F4-B6E5-F3062BA8A06A}.Release|Any CPU.Build.0 = Release|Any CPU
		{7908821A-47A0-42F4-B6E5-F3062BA8A06A}.Release|Mixed Platforms.ActiveCfg = Release|Any CPU
		{7908821A-47A0-42F4-B6E5-F3062BA8A06A}.Release|Mixed Platforms.Build.0 = Release|Any CPU
		{7908821A-47A0-42F4-B6E5-F3062BA8A06A}.Release|x86.ActiveCfg = Release|Any CPU
		{7908821A-47A0-42F4-B6E5-F3062BA8A06A}.Release|x86.Build.0 = Release|Any CPU
		{705D1C4F-0AC8-4BDC-80CD-E3D26CFA5397}.Debug|Any CPU.ActiveCfg = Debug|Any CPU
		{705D1C4F-0AC8-4BDC-80CD-E3D26CFA5397}.Debug|Any CPU.Build.0 = Debug|Any CPU
		{705D1C4F-0AC8-4BDC-80CD-E3D26CFA5397}.Debug|Mixed Platforms.ActiveCfg = Debug|Any CPU
		{705D1C4F-0AC8-4BDC-80CD-E3D26CFA5397}.Debug|Mixed Platforms.Build.0 = Debug|Any CPU
		{705D1C4F-0AC8-4BDC-80CD-E3D26CFA5397}.Debug|x86.ActiveCfg = Debug|Any CPU
		{705D1C4F-0AC8-4BDC-80CD-E3D26CFA5397}.Debug|x86.Build.0 = Debug|Any CPU
		{705D1C4F-0AC8-4BDC-80CD-E3D26CFA5397}.Release|Any CPU.ActiveCfg = Release|Any CPU
		{705D1C4F-0AC8-4BDC-80CD-E3D26CFA5397}.Release|Any CPU.Build.0 = Release|Any CPU
		{705D1C4F-0AC8-4BDC-80CD-E3D26CFA5397}.Release|Mixed Platforms.ActiveCfg = Release|Any CPU
		{705D1C4F-0AC8-4BDC-80CD-E3D26CFA5397}.Release|Mixed Platforms.Build.0 = Release|Any CPU
		{705D1C4F-0AC8-4BDC-80CD-E3D26CFA5397}.Release|x86.ActiveCfg = Release|Any CPU
		{705D1C4F-0AC8-4BDC-80CD-E3D26CFA5397}.Release|x86.Build.0 = Release|Any CPU
		{1DC85BBE-138A-4BCE-9E25-B076BD4D2DBE}.Debug|Any CPU.ActiveCfg = Debug|Any CPU
		{1DC85BBE-138A-4BCE-9E25-B076BD4D2DBE}.Debug|Any CPU.Build.0 = Debug|Any CPU
		{1DC85BBE-138A-4BCE-9E25-B076BD4D2DBE}.Debug|Mixed Platforms.ActiveCfg = Debug|Any CPU
		{1DC85BBE-138A-4BCE-9E25-B076BD4D2DBE}.Debug|Mixed Platforms.Build.0 = Debug|Any CPU
		{1DC85BBE-138A-4BCE-9E25-B076BD4D2DBE}.Debug|x86.ActiveCfg = Debug|Any CPU
		{1DC85BBE-138A-4BCE-9E25-B076BD4D2DBE}.Debug|x86.Build.0 = Debug|Any CPU
		{1DC85BBE-138A-4BCE-9E25-B076BD4D2DBE}.Release|Any CPU.ActiveCfg = Release|Any CPU
		{1DC85BBE-138A-4BCE-9E25-B076BD4D2DBE}.Release|Any CPU.Build.0 = Release|Any CPU
		{1DC85BBE-138A-4BCE-9E25-B076BD4D2DBE}.Release|Mixed Platforms.ActiveCfg = Release|Any CPU
		{1DC85BBE-138A-4BCE-9E25-B076BD4D2DBE}.Release|Mixed Platforms.Build.0 = Release|Any CPU
		{1DC85BBE-138A-4BCE-9E25-B076BD4D2DBE}.Release|x86.ActiveCfg = Release|Any CPU
		{1DC85BBE-138A-4BCE-9E25-B076BD4D2DBE}.Release|x86.Build.0 = Release|Any CPU
		{DCF35834-4AC6-4925-A7BC-A1DCF849B4E0}.Debug|Any CPU.ActiveCfg = Debug|Any CPU
		{DCF35834-4AC6-4925-A7BC-A1DCF849B4E0}.Debug|Any CPU.Build.0 = Debug|Any CPU
		{DCF35834-4AC6-4925-A7BC-A1DCF849B4E0}.Debug|Mixed Platforms.ActiveCfg = Debug|Any CPU
		{DCF35834-4AC6-4925-A7BC-A1DCF849B4E0}.Debug|Mixed Platforms.Build.0 = Debug|Any CPU
		{DCF35834-4AC6-4925-A7BC-A1DCF849B4E0}.Debug|x86.ActiveCfg = Debug|Any CPU
		{DCF35834-4AC6-4925-A7BC-A1DCF849B4E0}.Debug|x86.Build.0 = Debug|Any CPU
		{DCF35834-4AC6-4925-A7BC-A1DCF849B4E0}.Release|Any CPU.ActiveCfg = Release|Any CPU
		{DCF35834-4AC6-4925-A7BC-A1DCF849B4E0}.Release|Any CPU.Build.0 = Release|Any CPU
		{DCF35834-4AC6-4925-A7BC-A1DCF849B4E0}.Release|Mixed Platforms.ActiveCfg = Release|Any CPU
		{DCF35834-4AC6-4925-A7BC-A1DCF849B4E0}.Release|Mixed Platforms.Build.0 = Release|Any CPU
		{DCF35834-4AC6-4925-A7BC-A1DCF849B4E0}.Release|x86.ActiveCfg = Release|Any CPU
		{DCF35834-4AC6-4925-A7BC-A1DCF849B4E0}.Release|x86.Build.0 = Release|Any CPU
		{D85F6EF5-4F49-4DE5-B83A-D5284F84C139}.Debug|Any CPU.ActiveCfg = Debug|Any CPU
		{D85F6EF5-4F49-4DE5-B83A-D5284F84C139}.Debug|Any CPU.Build.0 = Debug|Any CPU
		{D85F6EF5-4F49-4DE5-B83A-D5284F84C139}.Debug|Mixed Platforms.ActiveCfg = Debug|Any CPU
		{D85F6EF5-4F49-4DE5-B83A-D5284F84C139}.Debug|Mixed Platforms.Build.0 = Debug|Any CPU
		{D85F6EF5-4F49-4DE5-B83A-D5284F84C139}.Debug|x86.ActiveCfg = Debug|Any CPU
		{D85F6EF5-4F49-4DE5-B83A-D5284F84C139}.Debug|x86.Build.0 = Debug|Any CPU
		{D85F6EF5-4F49-4DE5-B83A-D5284F84C139}.Release|Any CPU.ActiveCfg = Release|Any CPU
		{D85F6EF5-4F49-4DE5-B83A-D5284F84C139}.Release|Any CPU.Build.0 = Release|Any CPU
		{D85F6EF5-4F49-4DE5-B83A-D5284F84C139}.Release|Mixed Platforms.ActiveCfg = Release|Any CPU
		{D85F6EF5-4F49-4DE5-B83A-D5284F84C139}.Release|Mixed Platforms.Build.0 = Release|Any CPU
		{D85F6EF5-4F49-4DE5-B83A-D5284F84C139}.Release|x86.ActiveCfg = Release|Any CPU
		{D85F6EF5-4F49-4DE5-B83A-D5284F84C139}.Release|x86.Build.0 = Release|Any CPU
		{24B5A712-B856-4D0A-B367-222CE38C67C6}.Debug|Any CPU.ActiveCfg = Debug|Any CPU
		{24B5A712-B856-4D0A-B367-222CE38C67C6}.Debug|Any CPU.Build.0 = Debug|Any CPU
		{24B5A712-B856-4D0A-B367-222CE38C67C6}.Debug|Mixed Platforms.ActiveCfg = Debug|Any CPU
		{24B5A712-B856-4D0A-B367-222CE38C67C6}.Debug|Mixed Platforms.Build.0 = Debug|Any CPU
		{24B5A712-B856-4D0A-B367-222CE38C67C6}.Debug|x86.ActiveCfg = Debug|Any CPU
		{24B5A712-B856-4D0A-B367-222CE38C67C6}.Debug|x86.Build.0 = Debug|Any CPU
		{24B5A712-B856-4D0A-B367-222CE38C67C6}.Release|Any CPU.ActiveCfg = Release|Any CPU
		{24B5A712-B856-4D0A-B367-222CE38C67C6}.Release|Any CPU.Build.0 = Release|Any CPU
		{24B5A712-B856-4D0A-B367-222CE38C67C6}.Release|Mixed Platforms.ActiveCfg = Release|Any CPU
		{24B5A712-B856-4D0A-B367-222CE38C67C6}.Release|Mixed Platforms.Build.0 = Release|Any CPU
		{24B5A712-B856-4D0A-B367-222CE38C67C6}.Release|x86.ActiveCfg = Release|Any CPU
		{24B5A712-B856-4D0A-B367-222CE38C67C6}.Release|x86.Build.0 = Release|Any CPU
		{7670DE22-B023-4783-BA19-BB2DB50E1762}.Debug|Any CPU.ActiveCfg = Debug|Any CPU
		{7670DE22-B023-4783-BA19-BB2DB50E1762}.Debug|Any CPU.Build.0 = Debug|Any CPU
		{7670DE22-B023-4783-BA19-BB2DB50E1762}.Debug|Mixed Platforms.ActiveCfg = Debug|Any CPU
		{7670DE22-B023-4783-BA19-BB2DB50E1762}.Debug|Mixed Platforms.Build.0 = Debug|Any CPU
		{7670DE22-B023-4783-BA19-BB2DB50E1762}.Debug|x86.ActiveCfg = Debug|Any CPU
		{7670DE22-B023-4783-BA19-BB2DB50E1762}.Debug|x86.Build.0 = Debug|Any CPU
		{7670DE22-B023-4783-BA19-BB2DB50E1762}.Release|Any CPU.ActiveCfg = Release|Any CPU
		{7670DE22-B023-4783-BA19-BB2DB50E1762}.Release|Any CPU.Build.0 = Release|Any CPU
		{7670DE22-B023-4783-BA19-BB2DB50E1762}.Release|Mixed Platforms.ActiveCfg = Release|Any CPU
		{7670DE22-B023-4783-BA19-BB2DB50E1762}.Release|Mixed Platforms.Build.0 = Release|Any CPU
		{7670DE22-B023-4783-BA19-BB2DB50E1762}.Release|x86.ActiveCfg = Release|Any CPU
		{7670DE22-B023-4783-BA19-BB2DB50E1762}.Release|x86.Build.0 = Release|Any CPU
		{46F78A78-93FF-4E51-B221-8E5FFFE8806D}.Debug|Any CPU.ActiveCfg = Debug|Any CPU
		{46F78A78-93FF-4E51-B221-8E5FFFE8806D}.Debug|Any CPU.Build.0 = Debug|Any CPU
		{46F78A78-93FF-4E51-B221-8E5FFFE8806D}.Debug|Mixed Platforms.ActiveCfg = Debug|Any CPU
		{46F78A78-93FF-4E51-B221-8E5FFFE8806D}.Debug|Mixed Platforms.Build.0 = Debug|Any CPU
		{46F78A78-93FF-4E51-B221-8E5FFFE8806D}.Debug|x86.ActiveCfg = Debug|Any CPU
		{46F78A78-93FF-4E51-B221-8E5FFFE8806D}.Debug|x86.Build.0 = Debug|Any CPU
		{46F78A78-93FF-4E51-B221-8E5FFFE8806D}.Release|Any CPU.ActiveCfg = Release|Any CPU
		{46F78A78-93FF-4E51-B221-8E5FFFE8806D}.Release|Any CPU.Build.0 = Release|Any CPU
		{46F78A78-93FF-4E51-B221-8E5FFFE8806D}.Release|Mixed Platforms.ActiveCfg = Release|Any CPU
		{46F78A78-93FF-4E51-B221-8E5FFFE8806D}.Release|Mixed Platforms.Build.0 = Release|Any CPU
		{46F78A78-93FF-4E51-B221-8E5FFFE8806D}.Release|x86.ActiveCfg = Release|Any CPU
		{46F78A78-93FF-4E51-B221-8E5FFFE8806D}.Release|x86.Build.0 = Release|Any CPU
		{8BFFAF3A-B454-4544-9218-3197DF381D88}.Debug|Any CPU.ActiveCfg = Debug|Any CPU
		{8BFFAF3A-B454-4544-9218-3197DF381D88}.Debug|Any CPU.Build.0 = Debug|Any CPU
		{8BFFAF3A-B454-4544-9218-3197DF381D88}.Debug|Mixed Platforms.ActiveCfg = Debug|Any CPU
		{8BFFAF3A-B454-4544-9218-3197DF381D88}.Debug|Mixed Platforms.Build.0 = Debug|Any CPU
		{8BFFAF3A-B454-4544-9218-3197DF381D88}.Debug|x86.ActiveCfg = Debug|Any CPU
		{8BFFAF3A-B454-4544-9218-3197DF381D88}.Debug|x86.Build.0 = Debug|Any CPU
		{8BFFAF3A-B454-4544-9218-3197DF381D88}.Release|Any CPU.ActiveCfg = Release|Any CPU
		{8BFFAF3A-B454-4544-9218-3197DF381D88}.Release|Any CPU.Build.0 = Release|Any CPU
		{8BFFAF3A-B454-4544-9218-3197DF381D88}.Release|Mixed Platforms.ActiveCfg = Release|Any CPU
		{8BFFAF3A-B454-4544-9218-3197DF381D88}.Release|Mixed Platforms.Build.0 = Release|Any CPU
		{8BFFAF3A-B454-4544-9218-3197DF381D88}.Release|x86.ActiveCfg = Release|Any CPU
		{8BFFAF3A-B454-4544-9218-3197DF381D88}.Release|x86.Build.0 = Release|Any CPU
		{D047B6C3-E044-4F1F-8C79-97F37352BD02}.Debug|Any CPU.ActiveCfg = Debug|Any CPU
		{D047B6C3-E044-4F1F-8C79-97F37352BD02}.Debug|Any CPU.Build.0 = Debug|Any CPU
		{D047B6C3-E044-4F1F-8C79-97F37352BD02}.Debug|Mixed Platforms.ActiveCfg = Debug|Any CPU
		{D047B6C3-E044-4F1F-8C79-97F37352BD02}.Debug|Mixed Platforms.Build.0 = Debug|Any CPU
		{D047B6C3-E044-4F1F-8C79-97F37352BD02}.Debug|x86.ActiveCfg = Debug|Any CPU
		{D047B6C3-E044-4F1F-8C79-97F37352BD02}.Debug|x86.Build.0 = Debug|Any CPU
		{D047B6C3-E044-4F1F-8C79-97F37352BD02}.Release|Any CPU.ActiveCfg = Release|Any CPU
		{D047B6C3-E044-4F1F-8C79-97F37352BD02}.Release|Any CPU.Build.0 = Release|Any CPU
		{D047B6C3-E044-4F1F-8C79-97F37352BD02}.Release|Mixed Platforms.ActiveCfg = Release|Any CPU
		{D047B6C3-E044-4F1F-8C79-97F37352BD02}.Release|Mixed Platforms.Build.0 = Release|Any CPU
		{D047B6C3-E044-4F1F-8C79-97F37352BD02}.Release|x86.ActiveCfg = Release|Any CPU
		{D047B6C3-E044-4F1F-8C79-97F37352BD02}.Release|x86.Build.0 = Release|Any CPU
	EndGlobalSection
	GlobalSection(SolutionProperties) = preSolution
		HideSolutionNode = FALSE
	EndGlobalSection
	GlobalSection(NestedProjects) = preSolution
		{244BECF5-D87D-434D-839D-771F4D0EDAA1} = {622651DB-031F-4575-B69F-BB5F8C6819D6}
		{6D240FCF-6798-4564-A378-1E6D30B0C09B} = {244BECF5-D87D-434D-839D-771F4D0EDAA1}
		{7D5AFEDC-E05B-40CE-B222-107C48EC4187} = {622651DB-031F-4575-B69F-BB5F8C6819D6}
		{9CDB5941-A465-44D0-874C-666ACEBBE01B} = {622651DB-031F-4575-B69F-BB5F8C6819D6}
		{A47D1CFE-369A-4CFE-9C14-2FF71174490F} = {7D5AFEDC-E05B-40CE-B222-107C48EC4187}
		{EF6B60AD-931A-4E3A-9B04-85139CD0E1AA} = {244BECF5-D87D-434D-839D-771F4D0EDAA1}
		{9DB13EB2-28E3-432B-8C8F-0E39EF5BCC38} = {244BECF5-D87D-434D-839D-771F4D0EDAA1}
		{A8AACA46-CCC8-429F-B626-4CFC77F3A21A} = {244BECF5-D87D-434D-839D-771F4D0EDAA1}
		{792F6159-9FF0-4352-8323-591A9BAD3472} = {244BECF5-D87D-434D-839D-771F4D0EDAA1}
		{249928BB-C446-42B3-BFF3-CA98DABB9609} = {A47D1CFE-369A-4CFE-9C14-2FF71174490F}
		{8FC74178-4B54-4DF2-AC0D-44422C87652D} = {9CDB5941-A465-44D0-874C-666ACEBBE01B}
		{5B187CE9-5655-4D43-BFEC-0D77B5C63818} = {6D240FCF-6798-4564-A378-1E6D30B0C09B}
		{225DFCB6-3546-4D9C-86EC-A5D5BCF693D4} = {6D240FCF-6798-4564-A378-1E6D30B0C09B}
		{E83ABDE7-81E4-4127-AE94-B630B842B9A7} = {6D240FCF-6798-4564-A378-1E6D30B0C09B}
		{D3C87D75-E119-4D30-A8BE-DC28014BB653} = {244BECF5-D87D-434D-839D-771F4D0EDAA1}
		{9BC9B613-47F1-443C-8205-AC3CFABE7DB9} = {244BECF5-D87D-434D-839D-771F4D0EDAA1}
		{2AE4160D-F51A-4374-9F40-ECEE109D0F0D} = {6D240FCF-6798-4564-A378-1E6D30B0C09B}
		{593985EE-6308-4079-B6ED-EE844CDFCE5F} = {6D240FCF-6798-4564-A378-1E6D30B0C09B}
		{3E37A0C6-A02C-43CE-975F-893D690222B3} = {9CDB5941-A465-44D0-874C-666ACEBBE01B}
		{43BE6B32-535B-40D4-943A-0797BA1B6A90} = {EF6B60AD-931A-4E3A-9B04-85139CD0E1AA}
		{9393C049-D118-41DA-8116-22DB176B1C5B} = {EF6B60AD-931A-4E3A-9B04-85139CD0E1AA}
		{7908821A-47A0-42F4-B6E5-F3062BA8A06A} = {EF6B60AD-931A-4E3A-9B04-85139CD0E1AA}
		{705D1C4F-0AC8-4BDC-80CD-E3D26CFA5397} = {EF6B60AD-931A-4E3A-9B04-85139CD0E1AA}
		{1DC85BBE-138A-4BCE-9E25-B076BD4D2DBE} = {6D240FCF-6798-4564-A378-1E6D30B0C09B}
		{DCF35834-4AC6-4925-A7BC-A1DCF849B4E0} = {6D240FCF-6798-4564-A378-1E6D30B0C09B}
		{D85F6EF5-4F49-4DE5-B83A-D5284F84C139} = {6D240FCF-6798-4564-A378-1E6D30B0C09B}
		{24B5A712-B856-4D0A-B367-222CE38C67C6} = {6D240FCF-6798-4564-A378-1E6D30B0C09B}
		{7670DE22-B023-4783-BA19-BB2DB50E1762} = {6D240FCF-6798-4564-A378-1E6D30B0C09B}
		{46F78A78-93FF-4E51-B221-8E5FFFE8806D} = {622651DB-031F-4575-B69F-BB5F8C6819D6}
		{8BFFAF3A-B454-4544-9218-3197DF381D88} = {244BECF5-D87D-434D-839D-771F4D0EDAA1}
		{D047B6C3-E044-4F1F-8C79-97F37352BD02} = {244BECF5-D87D-434D-839D-771F4D0EDAA1}
	EndGlobalSection
	GlobalSection(ExtensibilityGlobals) = postSolution
		SolutionGuid = {AAE3BE84-D911-45BB-BDEE-88ED44B9379D}
	EndGlobalSection
EndGlobal
