
Microsoft Visual Studio Solution File, Format Version 12.00
# Visual Studio 15
VisualStudioVersion = 15.0.28010.2041
MinimumVisualStudioVersion = 10.0.40219.1
Project("{EDCC3B85-0BAD-11DB-BC1A-00112FDE8B61}") = "GpuLang", "src\GpuLang.nproj", "{82C32D2D-8E24-4975-B606-B2C7BE54C34A}"
EndProject
Global
	GlobalSection(SolutionConfigurationPlatforms) = preSolution
		Debug|Any CPU = Debug|Any CPU
		Release|Any CPU = Release|Any CPU
	EndGlobalSection
	GlobalSection(ProjectConfigurationPlatforms) = postSolution
		{82C32D2D-8E24-4975-B606-B2C7BE54C34A}.Debug|Any CPU.ActiveCfg = Debug|Any CPU
		{82C32D2D-8E24-4975-B606-B2C7BE54C34A}.Debug|Any CPU.Build.0 = Debug|Any CPU
		{82C32D2D-8E24-4975-B606-B2C7BE54C34A}.Release|Any CPU.ActiveCfg = Release|Any CPU
		{82C32D2D-8E24-4975-B606-B2C7BE54C34A}.Release|Any CPU.Build.0 = Release|Any CPU
	EndGlobalSection
	GlobalSection(SolutionProperties) = preSolution
		HideSolutionNode = FALSE
	EndGlobalSection
	GlobalSection(ExtensibilityGlobals) = postSolution
		SolutionGuid = {4B08A547-4C33-49DA-9892-CDC0DFA5017E}
	EndGlobalSection
EndGlobal
